
Microsoft Visual Studio Solution File, Format Version 12.00
# Visual Studio Version 17
VisualStudioVersion = 17.6.33603.418
MinimumVisualStudioVersion = 10.0.40219.1
Project("{FAE04EC0-301F-11D3-BF4B-00C04F79EFBC}") = "WebApplication1", "WebApplication1\WebApplication1.csproj", "{5CD71DBE-6A68-4A00-B757-6F30C63F5AC6}"
EndProject
Global
	GlobalSection(SolutionConfigurationPlatforms) = preSolution
		Debug|Any CPU = Debug|Any CPU
		Release|Any CPU = Release|Any CPU
	EndGlobalSection
	GlobalSection(ProjectConfigurationPlatforms) = postSolution
		{5CD71DBE-6A68-4A00-B757-6F30C63F5AC6}.Debug|Any CPU.ActiveCfg = Debug|Any CPU
		{5CD71DBE-6A68-4A00-B757-6F30C63F5AC6}.Debug|Any CPU.Build.0 = Debug|Any CPU
		{5CD71DBE-6A68-4A00-B757-6F30C63F5AC6}.Release|Any CPU.ActiveCfg = Release|Any CPU
		{5CD71DBE-6A68-4A00-B757-6F30C63F5AC6}.Release|Any CPU.Build.0 = Release|Any CPU
	EndGlobalSection
	GlobalSection(SolutionProperties) = preSolution
		HideSolutionNode = FALSE
	EndGlobalSection
	GlobalSection(ExtensibilityGlobals) = postSolution
		SolutionGuid = {1B7113B5-D891-43F2-9A01-3703043E08EA}
	EndGlobalSection
EndGlobal
